
Microsoft Visual Studio Solution File, Format Version 12.00
# Visual Studio Version 17
VisualStudioVersion = 17.0.31903.59
MinimumVisualStudioVersion = 10.0.40219.1
Project("{FAE04EC0-301F-11D3-BF4B-00C04F79EFBC}") = "API", "API\API.csproj", "{B7D2EB7B-DBDA-4D6D-9911-4AB825C1C37D}"
EndProject
Global
	GlobalSection(SolutionConfigurationPlatforms) = preSolution
		Debug|Any CPU = Debug|Any CPU
		Release|Any CPU = Release|Any CPU
	EndGlobalSection
	GlobalSection(SolutionProperties) = preSolution
		HideSolutionNode = FALSE
	EndGlobalSection
	GlobalSection(ProjectConfigurationPlatforms) = postSolution
		{B7D2EB7B-DBDA-4D6D-9911-4AB825C1C37D}.Debug|Any CPU.ActiveCfg = Debug|Any CPU
		{B7D2EB7B-DBDA-4D6D-9911-4AB825C1C37D}.Debug|Any CPU.Build.0 = Debug|Any CPU
		{B7D2EB7B-DBDA-4D6D-9911-4AB825C1C37D}.Release|Any CPU.ActiveCfg = Release|Any CPU
		{B7D2EB7B-DBDA-4D6D-9911-4AB825C1C37D}.Release|Any CPU.Build.0 = Release|Any CPU
	EndGlobalSection
EndGlobal
